
Microsoft Visual Studio Solution File, Format Version 12.00
# Visual Studio Version 16
VisualStudioVersion = 16.0.31424.327
MinimumVisualStudioVersion = 10.0.40219.1
Project("{2150E333-8FDC-42A3-9474-1A3956D46DE8}") = "Solution Items", "Solution Items", "{683CBD41-EAF0-476B-BB3A-2D498D94E98B}"
	ProjectSection(SolutionItems) = preProject
		.dockerignore = .dockerignore
		.gitignore = .gitignore
		azure-pipelines.yml = azure-pipelines.yml
		Dockerfile = Dockerfile
		README.md = README.md
		version.txt = version.txt
	EndProjectSection
EndProject
Project("{FAE04EC0-301F-11D3-BF4B-00C04F79EFBC}") = "CSharpFunctionalExtensions.API", "CSharpFunctionalExtensions.API\CSharpFunctionalExtensions.API.csproj", "{5D71293E-4A87-4E13-AD19-4CF688A3F694}"
EndProject
Project("{FAE04EC0-301F-11D3-BF4B-00C04F79EFBC}") = "CSharpFunctionalExtensions.API.Examples", "CSharpFunctionalExtensions.API.Examples\CSharpFunctionalExtensions.API.Examples.csproj", "{D497D49E-3E5C-40A4-9B03-2852825F6625}"
EndProject
Project("{FAE04EC0-301F-11D3-BF4B-00C04F79EFBC}") = "CSharpFunctionalExtensions.API.Tests", "CSharpFunctionalExtensions.API.Tests\CSharpFunctionalExtensions.API.Tests.csproj", "{10578551-6552-4CFF-B094-B1E0CEDABCBC}"
EndProject
Global
	GlobalSection(SolutionConfigurationPlatforms) = preSolution
		Debug|Any CPU = Debug|Any CPU
		Release|Any CPU = Release|Any CPU
	EndGlobalSection
	GlobalSection(ProjectConfigurationPlatforms) = postSolution
		{5D71293E-4A87-4E13-AD19-4CF688A3F694}.Debug|Any CPU.ActiveCfg = Debug|Any CPU
		{5D71293E-4A87-4E13-AD19-4CF688A3F694}.Debug|Any CPU.Build.0 = Debug|Any CPU
		{5D71293E-4A87-4E13-AD19-4CF688A3F694}.Release|Any CPU.ActiveCfg = Release|Any CPU
		{5D71293E-4A87-4E13-AD19-4CF688A3F694}.Release|Any CPU.Build.0 = Release|Any CPU
		{D497D49E-3E5C-40A4-9B03-2852825F6625}.Debug|Any CPU.ActiveCfg = Debug|Any CPU
		{D497D49E-3E5C-40A4-9B03-2852825F6625}.Debug|Any CPU.Build.0 = Debug|Any CPU
		{D497D49E-3E5C-40A4-9B03-2852825F6625}.Release|Any CPU.ActiveCfg = Release|Any CPU
		{D497D49E-3E5C-40A4-9B03-2852825F6625}.Release|Any CPU.Build.0 = Release|Any CPU
		{10578551-6552-4CFF-B094-B1E0CEDABCBC}.Debug|Any CPU.ActiveCfg = Debug|Any CPU
		{10578551-6552-4CFF-B094-B1E0CEDABCBC}.Debug|Any CPU.Build.0 = Debug|Any CPU
		{10578551-6552-4CFF-B094-B1E0CEDABCBC}.Release|Any CPU.ActiveCfg = Release|Any CPU
		{10578551-6552-4CFF-B094-B1E0CEDABCBC}.Release|Any CPU.Build.0 = Release|Any CPU
	EndGlobalSection
	GlobalSection(SolutionProperties) = preSolution
		HideSolutionNode = FALSE
	EndGlobalSection
	GlobalSection(ExtensibilityGlobals) = postSolution
		SolutionGuid = {3D6D0915-46E7-4ED3-A9DC-925010CD8A7B}
	EndGlobalSection
EndGlobal
